// !$*UTF8*$!
{
	archiveVersion = 1;
	classes = {
	};
	objectVersion = 50;
	objects = {

/* Begin PBXBuildFile section */
		5840872F21E81F78008DF954 /* AppDelegate.swift in Sources */ = {isa = PBXBuildFile; fileRef = 5840872E21E81F78008DF954 /* AppDelegate.swift */; };
		5840873121E81F78008DF954 /* ViewController.swift in Sources */ = {isa = PBXBuildFile; fileRef = 5840873021E81F78008DF954 /* ViewController.swift */; };
		5840873421E81F78008DF954 /* Main.storyboard in Resources */ = {isa = PBXBuildFile; fileRef = 5840873221E81F78008DF954 /* Main.storyboard */; };
		5840873621E81F7B008DF954 /* Assets.xcassets in Resources */ = {isa = PBXBuildFile; fileRef = 5840873521E81F7B008DF954 /* Assets.xcassets */; };
		5840873921E81F7B008DF954 /* LaunchScreen.storyboard in Resources */ = {isa = PBXBuildFile; fileRef = 5840873721E81F7B008DF954 /* LaunchScreen.storyboard */; };
		5840874321E81FD4008DF954 /* Reachability.swift in Sources */ = {isa = PBXBuildFile; fileRef = 5840874121E81FD4008DF954 /* Reachability.swift */; };
		5840874421E81FD4008DF954 /* APIHelper.swift in Sources */ = {isa = PBXBuildFile; fileRef = 5840874221E81FD4008DF954 /* APIHelper.swift */; };
		5840874721E8230E008DF954 /* CollectionListModel.swift in Sources */ = {isa = PBXBuildFile; fileRef = 5840874621E8230E008DF954 /* CollectionListModel.swift */; };
		5840874921E82350008DF954 /* JSONParsing.swift in Sources */ = {isa = PBXBuildFile; fileRef = 5840874821E82350008DF954 /* JSONParsing.swift */; };
		5840874B21E828CA008DF954 /* ProductListViewController.swift in Sources */ = {isa = PBXBuildFile; fileRef = 5840874A21E828CA008DF954 /* ProductListViewController.swift */; };
		5840874E21E87A77008DF954 /* ProductModel.swift in Sources */ = {isa = PBXBuildFile; fileRef = 5840874D21E87A77008DF954 /* ProductModel.swift */; };
		E7250D4DD7E09480AC291F20 /* Pods_shopify_Challenge.framework in Frameworks */ = {isa = PBXBuildFile; fileRef = 0861EF4103510CA65F58FEC6 /* Pods_shopify_Challenge.framework */; };
/* End PBXBuildFile section */

/* Begin PBXFileReference section */
		0861EF4103510CA65F58FEC6 /* Pods_shopify_Challenge.framework */ = {isa = PBXFileReference; explicitFileType = wrapper.framework; includeInIndex = 0; path = Pods_shopify_Challenge.framework; sourceTree = BUILT_PRODUCTS_DIR; };
		361225B47FFE519A4C7F5C63 /* Pods-shopify_Challenge.release.xcconfig */ = {isa = PBXFileReference; includeInIndex = 1; lastKnownFileType = text.xcconfig; name = "Pods-shopify_Challenge.release.xcconfig"; path = "Pods/Target Support Files/Pods-shopify_Challenge/Pods-shopify_Challenge.release.xcconfig"; sourceTree = "<group>"; };
		5840872B21E81F78008DF954 /* shopify_Challenge.app */ = {isa = PBXFileReference; explicitFileType = wrapper.application; includeInIndex = 0; path = shopify_Challenge.app; sourceTree = BUILT_PRODUCTS_DIR; };
		5840872E21E81F78008DF954 /* AppDelegate.swift */ = {isa = PBXFileReference; lastKnownFileType = sourcecode.swift; path = AppDelegate.swift; sourceTree = "<group>"; };
		5840873021E81F78008DF954 /* ViewController.swift */ = {isa = PBXFileReference; lastKnownFileType = sourcecode.swift; path = ViewController.swift; sourceTree = "<group>"; };
		5840873321E81F78008DF954 /* Base */ = {isa = PBXFileReference; lastKnownFileType = file.storyboard; name = Base; path = Base.lproj/Main.storyboard; sourceTree = "<group>"; };
		5840873521E81F7B008DF954 /* Assets.xcassets */ = {isa = PBXFileReference; lastKnownFileType = folder.assetcatalog; path = Assets.xcassets; sourceTree = "<group>"; };
		5840873821E81F7B008DF954 /* Base */ = {isa = PBXFileReference; lastKnownFileType = file.storyboard; name = Base; path = Base.lproj/LaunchScreen.storyboard; sourceTree = "<group>"; };
		5840873A21E81F7B008DF954 /* Info.plist */ = {isa = PBXFileReference; lastKnownFileType = text.plist.xml; path = Info.plist; sourceTree = "<group>"; };
		5840874121E81FD4008DF954 /* Reachability.swift */ = {isa = PBXFileReference; fileEncoding = 4; lastKnownFileType = sourcecode.swift; path = Reachability.swift; sourceTree = "<group>"; };
		5840874221E81FD4008DF954 /* APIHelper.swift */ = {isa = PBXFileReference; fileEncoding = 4; lastKnownFileType = sourcecode.swift; path = APIHelper.swift; sourceTree = "<group>"; };
		5840874621E8230E008DF954 /* CollectionListModel.swift */ = {isa = PBXFileReference; fileEncoding = 4; lastKnownFileType = sourcecode.swift; path = CollectionListModel.swift; sourceTree = "<group>"; };
		5840874821E82350008DF954 /* JSONParsing.swift */ = {isa = PBXFileReference; fileEncoding = 4; lastKnownFileType = sourcecode.swift; path = JSONParsing.swift; sourceTree = "<group>"; };
		5840874A21E828CA008DF954 /* ProductListViewController.swift */ = {isa = PBXFileReference; lastKnownFileType = sourcecode.swift; path = ProductListViewController.swift; sourceTree = "<group>"; };
		5840874D21E87A77008DF954 /* ProductModel.swift */ = {isa = PBXFileReference; lastKnownFileType = sourcecode.swift; path = ProductModel.swift; sourceTree = "<group>"; };
		D8E3AE6A4F8FAA6FD0ECD268 /* Pods-shopify_Challenge.debug.xcconfig */ = {isa = PBXFileReference; includeInIndex = 1; lastKnownFileType = text.xcconfig; name = "Pods-shopify_Challenge.debug.xcconfig"; path = "Pods/Target Support Files/Pods-shopify_Challenge/Pods-shopify_Challenge.debug.xcconfig"; sourceTree = "<group>"; };
/* End PBXFileReference section */

/* Begin PBXFrameworksBuildPhase section */
		5840872821E81F78008DF954 /* Frameworks */ = {
			isa = PBXFrameworksBuildPhase;
			buildActionMask = 2147483647;
			files = (
				E7250D4DD7E09480AC291F20 /* Pods_shopify_Challenge.framework in Frameworks */,
			);
			runOnlyForDeploymentPostprocessing = 0;
		};
/* End PBXFrameworksBuildPhase section */

/* Begin PBXGroup section */
		484E29230D1E68A9C3863009 /* Pods */ = {
			isa = PBXGroup;
			children = (
				D8E3AE6A4F8FAA6FD0ECD268 /* Pods-shopify_Challenge.debug.xcconfig */,
				361225B47FFE519A4C7F5C63 /* Pods-shopify_Challenge.release.xcconfig */,
			);
			name = Pods;
			sourceTree = "<group>";
		};
		5840872221E81F78008DF954 = {
			isa = PBXGroup;
			children = (
				5840872D21E81F78008DF954 /* shopify_Challenge */,
				5840872C21E81F78008DF954 /* Products */,
				484E29230D1E68A9C3863009 /* Pods */,
				D0DDC8A33CED21A7F8C30AAE /* Frameworks */,
			);
			sourceTree = "<group>";
		};
		5840872C21E81F78008DF954 /* Products */ = {
			isa = PBXGroup;
			children = (
				5840872B21E81F78008DF954 /* shopify_Challenge.app */,
			);
			name = Products;
			sourceTree = "<group>";
		};
		5840872D21E81F78008DF954 /* shopify_Challenge */ = {
			isa = PBXGroup;
			children = (
				5840872E21E81F78008DF954 /* AppDelegate.swift */,
				5840874521E82300008DF954 /* Models */,
				5840874021E81FC4008DF954 /* Helpers */,
				5840874C21E82962008DF954 /* Controllers */,
				5840873221E81F78008DF954 /* Main.storyboard */,
				5840873521E81F7B008DF954 /* Assets.xcassets */,
				5840873721E81F7B008DF954 /* LaunchScreen.storyboard */,
				5840873A21E81F7B008DF954 /* Info.plist */,
			);
			path = shopify_Challenge;
			sourceTree = "<group>";
		};
		5840874021E81FC4008DF954 /* Helpers */ = {
			isa = PBXGroup;
			children = (
				5840874821E82350008DF954 /* JSONParsing.swift */,
				5840874221E81FD4008DF954 /* APIHelper.swift */,
				5840874121E81FD4008DF954 /* Reachability.swift */,
			);
			path = Helpers;
			sourceTree = "<group>";
		};
		5840874521E82300008DF954 /* Models */ = {
			isa = PBXGroup;
			children = (
				5840874621E8230E008DF954 /* CollectionListModel.swift */,
				5840874D21E87A77008DF954 /* ProductModel.swift */,
			);
			path = Models;
			sourceTree = "<group>";
		};
		5840874C21E82962008DF954 /* Controllers */ = {
			isa = PBXGroup;
			children = (
				5840873021E81F78008DF954 /* ViewController.swift */,
				5840874A21E828CA008DF954 /* ProductListViewController.swift */,
			);
			path = Controllers;
			sourceTree = "<group>";
		};
		D0DDC8A33CED21A7F8C30AAE /* Frameworks */ = {
			isa = PBXGroup;
			children = (
				0861EF4103510CA65F58FEC6 /* Pods_shopify_Challenge.framework */,
			);
			name = Frameworks;
			sourceTree = "<group>";
		};
/* End PBXGroup section */

/* Begin PBXNativeTarget section */
		5840872A21E81F78008DF954 /* shopify_Challenge */ = {
			isa = PBXNativeTarget;
			buildConfigurationList = 5840873D21E81F7B008DF954 /* Build configuration list for PBXNativeTarget "shopify_Challenge" */;
			buildPhases = (
				EF41D54D718C2806C44E8982 /* [CP] Check Pods Manifest.lock */,
				5840872721E81F78008DF954 /* Sources */,
				5840872821E81F78008DF954 /* Frameworks */,
				5840872921E81F78008DF954 /* Resources */,
				0CA172F0B08013A2AC74F938 /* [CP] Embed Pods Frameworks */,
			);
			buildRules = (
			);
			dependencies = (
			);
			name = shopify_Challenge;
			productName = shopify_Challenge;
			productReference = 5840872B21E81F78008DF954 /* shopify_Challenge.app */;
			productType = "com.apple.product-type.application";
		};
/* End PBXNativeTarget section */

/* Begin PBXProject section */
		5840872321E81F78008DF954 /* Project object */ = {
			isa = PBXProject;
			attributes = {
				LastSwiftUpdateCheck = 1010;
				LastUpgradeCheck = 1010;
				ORGANIZATIONNAME = Munish;
				TargetAttributes = {
					5840872A21E81F78008DF954 = {
						CreatedOnToolsVersion = 10.1;
					};
				};
			};
			buildConfigurationList = 5840872621E81F78008DF954 /* Build configuration list for PBXProject "shopify_Challenge" */;
			compatibilityVersion = "Xcode 9.3";
			developmentRegion = en;
			hasScannedForEncodings = 0;
			knownRegions = (
				en,
				Base,
			);
			mainGroup = 5840872221E81F78008DF954;
			productRefGroup = 5840872C21E81F78008DF954 /* Products */;
			projectDirPath = "";
			projectRoot = "";
			targets = (
				5840872A21E81F78008DF954 /* shopify_Challenge */,
			);
		};
/* End PBXProject section */

/* Begin PBXResourcesBuildPhase section */
		5840872921E81F78008DF954 /* Resources */ = {
			isa = PBXResourcesBuildPhase;
			buildActionMask = 2147483647;
			files = (
				5840873921E81F7B008DF954 /* LaunchScreen.storyboard in Resources */,
				5840873621E81F7B008DF954 /* Assets.xcassets in Resources */,
				5840873421E81F78008DF954 /* Main.storyboard in Resources */,
			);
			runOnlyForDeploymentPostprocessing = 0;
		};
/* End PBXResourcesBuildPhase section */

/* Begin PBXShellScriptBuildPhase section */
		0CA172F0B08013A2AC74F938 /* [CP] Embed Pods Frameworks */ = {
			isa = PBXShellScriptBuildPhase;
			buildActionMask = 2147483647;
			files = (
			);
			inputFileListPaths = (
			);
			inputPaths = (
				"${SRCROOT}/Pods/Target Support Files/Pods-shopify_Challenge/Pods-shopify_Challenge-frameworks.sh",
				"${BUILT_PRODUCTS_DIR}/Kingfisher/Kingfisher.framework",
				"${BUILT_PRODUCTS_DIR}/MBProgressHUD/MBProgressHUD.framework",
			);
			name = "[CP] Embed Pods Frameworks";
			outputFileListPaths = (
			);
			outputPaths = (
				"${TARGET_BUILD_DIR}/${FRAMEWORKS_FOLDER_PATH}/Kingfisher.framework",
				"${TARGET_BUILD_DIR}/${FRAMEWORKS_FOLDER_PATH}/MBProgressHUD.framework",
			);
			runOnlyForDeploymentPostprocessing = 0;
			shellPath = /bin/sh;
			shellScript = "\"${SRCROOT}/Pods/Target Support Files/Pods-shopify_Challenge/Pods-shopify_Challenge-frameworks.sh\"\n";
			showEnvVarsInLog = 0;
		};
		EF41D54D718C2806C44E8982 /* [CP] Check Pods Manifest.lock */ = {
			isa = PBXShellScriptBuildPhase;
			buildActionMask = 2147483647;
			files = (
			);
			inputFileListPaths = (
			);
			inputPaths = (
				"${PODS_PODFILE_DIR_PATH}/Podfile.lock",
				"${PODS_ROOT}/Manifest.lock",
			);
			name = "[CP] Check Pods Manifest.lock";
			outputFileListPaths = (
			);
			outputPaths = (
				"$(DERIVED_FILE_DIR)/Pods-shopify_Challenge-checkManifestLockResult.txt",
			);
			runOnlyForDeploymentPostprocessing = 0;
			shellPath = /bin/sh;
			shellScript = "diff \"${PODS_PODFILE_DIR_PATH}/Podfile.lock\" \"${PODS_ROOT}/Manifest.lock\" > /dev/null\nif [ $? != 0 ] ; then\n    # print error to STDERR\n    echo \"error: The sandbox is not in sync with the Podfile.lock. Run 'pod install' or update your CocoaPods installation.\" >&2\n    exit 1\nfi\n# This output is used by Xcode 'outputs' to avoid re-running this script phase.\necho \"SUCCESS\" > \"${SCRIPT_OUTPUT_FILE_0}\"\n";
			showEnvVarsInLog = 0;
		};
/* End PBXShellScriptBuildPhase section */

/* Begin PBXSourcesBuildPhase section */
		5840872721E81F78008DF954 /* Sources */ = {
			isa = PBXSourcesBuildPhase;
			buildActionMask = 2147483647;
			files = (
				5840874921E82350008DF954 /* JSONParsing.swift in Sources */,
				5840874721E8230E008DF954 /* CollectionListModel.swift in Sources */,
				5840874B21E828CA008DF954 /* ProductListViewController.swift in Sources */,
				5840874421E81FD4008DF954 /* APIHelper.swift in Sources */,
				5840873121E81F78008DF954 /* ViewController.swift in Sources */,
				5840872F21E81F78008DF954 /* AppDelegate.swift in Sources */,
				5840874321E81FD4008DF954 /* Reachability.swift in Sources */,
				5840874E21E87A77008DF954 /* ProductModel.swift in Sources */,
			);
			runOnlyForDeploymentPostprocessing = 0;
		};
/* End PBXSourcesBuildPhase section */

/* Begin PBXVariantGroup section */
		5840873221E81F78008DF954 /* Main.storyboard */ = {
			isa = PBXVariantGroup;
			children = (
				5840873321E81F78008DF954 /* Base */,
			);
			name = Main.storyboard;
			sourceTree = "<group>";
		};
		5840873721E81F7B008DF954 /* LaunchScreen.storyboard */ = {
			isa = PBXVariantGroup;
			children = (
				5840873821E81F7B008DF954 /* Base */,
			);
			name = LaunchScreen.storyboard;
			sourceTree = "<group>";
		};
/* End PBXVariantGroup section */

/* Begin XCBuildConfiguration section */
		5840873B21E81F7B008DF954 /* Debug */ = {
			isa = XCBuildConfiguration;
			buildSettings = {
				ALWAYS_SEARCH_USER_PATHS = NO;
				CLANG_ANALYZER_NONNULL = YES;
				CLANG_ANALYZER_NUMBER_OBJECT_CONVERSION = YES_AGGRESSIVE;
				CLANG_CXX_LANGUAGE_STANDARD = "gnu++14";
				CLANG_CXX_LIBRARY = "libc++";
				CLANG_ENABLE_MODULES = YES;
				CLANG_ENABLE_OBJC_ARC = YES;
				CLANG_ENABLE_OBJC_WEAK = YES;
				CLANG_WARN_BLOCK_CAPTURE_AUTORELEASING = YES;
				CLANG_WARN_BOOL_CONVERSION = YES;
				CLANG_WARN_COMMA = YES;
				CLANG_WARN_CONSTANT_CONVERSION = YES;
				CLANG_WARN_DEPRECATED_OBJC_IMPLEMENTATIONS = YES;
				CLANG_WARN_DIRECT_OBJC_ISA_USAGE = YES_ERROR;
				CLANG_WARN_DOCUMENTATION_COMMENTS = YES;
				CLANG_WARN_EMPTY_BODY = YES;
				CLANG_WARN_ENUM_CONVERSION = YES;
				CLANG_WARN_INFINITE_RECURSION = YES;
				CLANG_WARN_INT_CONVERSION = YES;
				CLANG_WARN_NON_LITERAL_NULL_CONVERSION = YES;
				CLANG_WARN_OBJC_IMPLICIT_RETAIN_SELF = YES;
				CLANG_WARN_OBJC_LITERAL_CONVERSION = YES;
				CLANG_WARN_OBJC_ROOT_CLASS = YES_ERROR;
				CLANG_WARN_RANGE_LOOP_ANALYSIS = YES;
				CLANG_WARN_STRICT_PROTOTYPES = YES;
				CLANG_WARN_SUSPICIOUS_MOVE = YES;
				CLANG_WARN_UNGUARDED_AVAILABILITY = YES_AGGRESSIVE;
				CLANG_WARN_UNREACHABLE_CODE = YES;
				CLANG_WARN__DUPLICATE_METHOD_MATCH = YES;
				CODE_SIGN_IDENTITY = "iPhone Developer";
				COPY_PHASE_STRIP = NO;
				DEBUG_INFORMATION_FORMAT = dwarf;
				ENABLE_STRICT_OBJC_MSGSEND = YES;
				ENABLE_TESTABILITY = YES;
				GCC_C_LANGUAGE_STANDARD = gnu11;
				GCC_DYNAMIC_NO_PIC = NO;
				GCC_NO_COMMON_BLOCKS = YES;
				GCC_OPTIMIZATION_LEVEL = 0;
				GCC_PREPROCESSOR_DEFINITIONS = (
					"DEBUG=1",
					"$(inherited)",
				);
				GCC_WARN_64_TO_32_BIT_CONVERSION = YES;
				GCC_WARN_ABOUT_RETURN_TYPE = YES_ERROR;
				GCC_WARN_UNDECLARED_SELECTOR = YES;
				GCC_WARN_UNINITIALIZED_AUTOS = YES_AGGRESSIVE;
				GCC_WARN_UNUSED_FUNCTION = YES;
				GCC_WARN_UNUSED_VARIABLE = YES;
				IPHONEOS_DEPLOYMENT_TARGET = 12.1;
				MTL_ENABLE_DEBUG_INFO = INCLUDE_SOURCE;
				MTL_FAST_MATH = YES;
				ONLY_ACTIVE_ARCH = YES;
				SDKROOT = iphoneos;
				SWIFT_ACTIVE_COMPILATION_CONDITIONS = DEBUG;
				SWIFT_OPTIMIZATION_LEVEL = "-Onone";
			};
			name = Debug;
		};
		5840873C21E81F7B008DF954 /* Release */ = {
			isa = XCBuildConfiguration;
			buildSettings = {
				ALWAYS_SEARCH_USER_PATHS = NO;
				CLANG_ANALYZER_NONNULL = YES;
				CLANG_ANALYZER_NUMBER_OBJECT_CONVERSION = YES_AGGRESSIVE;
				CLANG_CXX_LANGUAGE_STANDARD = "gnu++14";
				CLANG_CXX_LIBRARY = "libc++";
				CLANG_ENABLE_MODULES = YES;
				CLANG_ENABLE_OBJC_ARC = YES;
				CLANG_ENABLE_OBJC_WEAK = YES;
				CLANG_WARN_BLOCK_CAPTURE_AUTORELEASING = YES;
				CLANG_WARN_BOOL_CONVERSION = YES;
				CLANG_WARN_COMMA = YES;
				CLANG_WARN_CONSTANT_CONVERSION = YES;
				CLANG_WARN_DEPRECATED_OBJC_IMPLEMENTATIONS = YES;
				CLANG_WARN_DIRECT_OBJC_ISA_USAGE = YES_ERROR;
				CLANG_WARN_DOCUMENTATION_COMMENTS = YES;
				CLANG_WARN_EMPTY_BODY = YES;
				CLANG_WARN_ENUM_CONVERSION = YES;
				CLANG_WARN_INFINITE_RECURSION = YES;
				CLANG_WARN_INT_CONVERSION = YES;
				CLANG_WARN_NON_LITERAL_NULL_CONVERSION = YES;
				CLANG_WARN_OBJC_IMPLICIT_RETAIN_SELF = YES;
				CLANG_WARN_OBJC_LITERAL_CONVERSION = YES;
				CLANG_WARN_OBJC_ROOT_CLASS = YES_ERROR;
				CLANG_WARN_RANGE_LOOP_ANALYSIS = YES;
				CLANG_WARN_STRICT_PROTOTYPES = YES;
				CLANG_WARN_SUSPICIOUS_MOVE = YES;
				CLANG_WARN_UNGUARDED_AVAILABILITY = YES_AGGRESSIVE;
				CLANG_WARN_UNREACHABLE_CODE = YES;
				CLANG_WARN__DUPLICATE_METHOD_MATCH = YES;
				CODE_SIGN_IDENTITY = "iPhone Developer";
				COPY_PHASE_STRIP = NO;
				DEBUG_INFORMATION_FORMAT = "dwarf-with-dsym";
				ENABLE_NS_ASSERTIONS = NO;
				ENABLE_STRICT_OBJC_MSGSEND = YES;
				GCC_C_LANGUAGE_STANDARD = gnu11;
				GCC_NO_COMMON_BLOCKS = YES;
				GCC_WARN_64_TO_32_BIT_CONVERSION = YES;
				GCC_WARN_ABOUT_RETURN_TYPE = YES_ERROR;
				GCC_WARN_UNDECLARED_SELECTOR = YES;
				GCC_WARN_UNINITIALIZED_AUTOS = YES_AGGRESSIVE;
				GCC_WARN_UNUSED_FUNCTION = YES;
				GCC_WARN_UNUSED_VARIABLE = YES;
				IPHONEOS_DEPLOYMENT_TARGET = 12.1;
				MTL_ENABLE_DEBUG_INFO = NO;
				MTL_FAST_MATH = YES;
				SDKROOT = iphoneos;
				SWIFT_COMPILATION_MODE = wholemodule;
				SWIFT_OPTIMIZATION_LEVEL = "-O";
				VALIDATE_PRODUCT = YES;
			};
			name = Release;
		};
		5840873E21E81F7B008DF954 /* Debug */ = {
			isa = XCBuildConfiguration;
			baseConfigurationReference = D8E3AE6A4F8FAA6FD0ECD268 /* Pods-shopify_Challenge.debug.xcconfig */;
			buildSettings = {
				ASSETCATALOG_COMPILER_APPICON_NAME = AppIcon;
				CODE_SIGN_STYLE = Automatic;
				DEVELOPMENT_TEAM = MX7G2R2T3E;
				INFOPLIST_FILE = shopify_Challenge/Info.plist;
				LD_RUNPATH_SEARCH_PATHS = (
					"$(inherited)",
					"@executable_path/Frameworks",
				);
				PRODUCT_BUNDLE_IDENTIFIER = "com.munish.shopify-Challenge";
				PRODUCT_NAME = "$(TARGET_NAME)";
				SWIFT_VERSION = 4.2;
				TARGETED_DEVICE_FAMILY = "1,2";
			};
			name = Debug;
		};
		5840873F21E81F7B008DF954 /* Release */ = {
			isa = XCBuildConfiguration;
			baseConfigurationReference = 361225B47FFE519A4C7F5C63 /* Pods-shopify_Challenge.release.xcconfig */;
			buildSettings = {
				ASSETCATALOG_COMPILER_APPICON_NAME = AppIcon;
				CODE_SIGN_STYLE = Automatic;
				DEVELOPMENT_TEAM = MX7G2R2T3E;
				INFOPLIST_FILE = shopify_Challenge/Info.plist;
				LD_RUNPATH_SEARCH_PATHS = (
					"$(inherited)",
					"@executable_path/Frameworks",
				);
				PRODUCT_BUNDLE_IDENTIFIER = "com.munish.shopify-Challenge";
				PRODUCT_NAME = "$(TARGET_NAME)";
				SWIFT_VERSION = 4.2;
				TARGETED_DEVICE_FAMILY = "1,2";
			};
			name = Release;
		};
/* End XCBuildConfiguration section */

/* Begin XCConfigurationList section */
		5840872621E81F78008DF954 /* Build configuration list for PBXProject "shopify_Challenge" */ = {
			isa = XCConfigurationList;
			buildConfigurations = (
				5840873B21E81F7B008DF954 /* Debug */,
				5840873C21E81F7B008DF954 /* Release */,
			);
			defaultConfigurationIsVisible = 0;
			defaultConfigurationName = Release;
		};
		5840873D21E81F7B008DF954 /* Build configuration list for PBXNativeTarget "shopify_Challenge" */ = {
			isa = XCConfigurationList;
			buildConfigurations = (
				5840873E21E81F7B008DF954 /* Debug */,
				5840873F21E81F7B008DF954 /* Release */,
			);
			defaultConfigurationIsVisible = 0;
			defaultConfigurationName = Release;
		};
/* End XCConfigurationList section */
	};
	rootObject = 5840872321E81F78008DF954 /* Project object */;
}
